
Microsoft Visual Studio Solution File, Format Version 12.00
# Visual Studio Version 16
VisualStudioVersion = 16.0.31702.278
MinimumVisualStudioVersion = 10.0.40219.1
Project("{FAE04EC0-301F-11D3-BF4B-00C04F79EFBC}") = "Stefan_Ioana_Lab8", "Stefan_Ioana_Lab8.csproj", "{75E35655-1170-4F5C-98B8-4D6DCECC0581}"
EndProject
Global
	GlobalSection(SolutionConfigurationPlatforms) = preSolution
		Debug|Any CPU = Debug|Any CPU
		Release|Any CPU = Release|Any CPU
	EndGlobalSection
	GlobalSection(ProjectConfigurationPlatforms) = postSolution
		{75E35655-1170-4F5C-98B8-4D6DCECC0581}.Debug|Any CPU.ActiveCfg = Debug|Any CPU
		{75E35655-1170-4F5C-98B8-4D6DCECC0581}.Debug|Any CPU.Build.0 = Debug|Any CPU
		{75E35655-1170-4F5C-98B8-4D6DCECC0581}.Release|Any CPU.ActiveCfg = Release|Any CPU
		{75E35655-1170-4F5C-98B8-4D6DCECC0581}.Release|Any CPU.Build.0 = Release|Any CPU
	EndGlobalSection
	GlobalSection(SolutionProperties) = preSolution
		HideSolutionNode = FALSE
	EndGlobalSection
	GlobalSection(ExtensibilityGlobals) = postSolution
		SolutionGuid = {5AC78F7E-70D5-477C-AE35-9BAD8D072CC2}
	EndGlobalSection
EndGlobal
